{
  "version": "5",
  "specifiers": {
    "npm:tailwind-merge@^3.3.1": "3.3.1",
    "npm:tw-animate-css@^1.3.7": "1.3.7"
  },
  "npm": {
    "tailwind-merge@3.3.1": {
      "integrity": "sha512-gBXpgUm/3rp1lMZZrM/w7D8GKqshif0zAymAhbCyIt8KMe+0v9DQ7cdYLR4FHH/cKpdTXb+A/tKKU3eolfsI+g=="
    },
    "tw-animate-css@1.3.7": {
      "integrity": "sha512-lvLb3hTIpB5oGsk8JmLoAjeCHV58nKa2zHYn8yWOoG5JJusH3bhJlF2DLAZ/5NmJ+jyH3ssiAx/2KmbhavJy/A=="
    }
  },
  "workspace": {
    "packageJson": {
      "dependencies": [
        "npm:@astrojs/react@^4.3.0",
        "npm:@radix-ui/react-slot@^1.2.3",
        "npm:@tailwindcss/vite@^4.1.12",
        "npm:@types/react-dom@^19.1.7",
        "npm:@types/react@^19.1.10",
        "npm:astro@^5.13.9",
        "npm:class-variance-authority@~0.7.1",
        "npm:clsx@^2.1.1",
        "npm:lucide-react@0.540",
        "npm:react-dom@^19.1.1",
        "npm:react@^19.1.1",
        "npm:tailwind-merge@^3.3.1",
        "npm:tailwindcss@^4.1.12",
        "npm:tw-animate-css@^1.3.7"
      ]
    }
  }
}
